
Microsoft Visual Studio Solution File, Format Version 12.00
# Visual Studio Version 16
VisualStudioVersion = 16.0.29509.3
MinimumVisualStudioVersion = 10.0.40219.1
Project("{9A19103F-16F7-4668-BE54-9A1E7A4F7556}") = "MySampleCodeProject", "MySampleCodeProject\MySampleCodeProject.csproj", "{5C24931A-AE0A-4CA6-A400-2470076289E5}"
EndProject
Project("{9A19103F-16F7-4668-BE54-9A1E7A4F7556}") = "LeetCodeProblems", "LeetCodeProblems\LeetCodeProblems.csproj", "{04583BBB-359F-42F7-808B-A5A0000E89F7}"
EndProject
Project("{9A19103F-16F7-4668-BE54-9A1E7A4F7556}") = "firstWebAPI", "firstWebAPI\firstWebAPI.csproj", "{04AB53C3-806F-439A-AFAE-F41B676A78E4}"
EndProject
Project("{FAE04EC0-301F-11D3-BF4B-00C04F79EFBC}") = "coreWebApp", "coreWebApp\coreWebApp.csproj", "{5E74AD93-6DEF-48DF-A38F-C56F0199A2F0}"
EndProject
Global
	GlobalSection(SolutionConfigurationPlatforms) = preSolution
		Debug|Any CPU = Debug|Any CPU
		Release|Any CPU = Release|Any CPU
	EndGlobalSection
	GlobalSection(ProjectConfigurationPlatforms) = postSolution
		{5C24931A-AE0A-4CA6-A400-2470076289E5}.Debug|Any CPU.ActiveCfg = Debug|Any CPU
		{5C24931A-AE0A-4CA6-A400-2470076289E5}.Debug|Any CPU.Build.0 = Debug|Any CPU
		{5C24931A-AE0A-4CA6-A400-2470076289E5}.Release|Any CPU.ActiveCfg = Release|Any CPU
		{5C24931A-AE0A-4CA6-A400-2470076289E5}.Release|Any CPU.Build.0 = Release|Any CPU
		{04583BBB-359F-42F7-808B-A5A0000E89F7}.Debug|Any CPU.ActiveCfg = Debug|Any CPU
		{04583BBB-359F-42F7-808B-A5A0000E89F7}.Debug|Any CPU.Build.0 = Debug|Any CPU
		{04583BBB-359F-42F7-808B-A5A0000E89F7}.Release|Any CPU.ActiveCfg = Release|Any CPU
		{04583BBB-359F-42F7-808B-A5A0000E89F7}.Release|Any CPU.Build.0 = Release|Any CPU
		{04AB53C3-806F-439A-AFAE-F41B676A78E4}.Debug|Any CPU.ActiveCfg = Debug|Any CPU
		{04AB53C3-806F-439A-AFAE-F41B676A78E4}.Debug|Any CPU.Build.0 = Debug|Any CPU
		{04AB53C3-806F-439A-AFAE-F41B676A78E4}.Release|Any CPU.ActiveCfg = Release|Any CPU
		{04AB53C3-806F-439A-AFAE-F41B676A78E4}.Release|Any CPU.Build.0 = Release|Any CPU
		{5E74AD93-6DEF-48DF-A38F-C56F0199A2F0}.Debug|Any CPU.ActiveCfg = Debug|Any CPU
		{5E74AD93-6DEF-48DF-A38F-C56F0199A2F0}.Debug|Any CPU.Build.0 = Debug|Any CPU
		{5E74AD93-6DEF-48DF-A38F-C56F0199A2F0}.Release|Any CPU.ActiveCfg = Release|Any CPU
		{5E74AD93-6DEF-48DF-A38F-C56F0199A2F0}.Release|Any CPU.Build.0 = Release|Any CPU
	EndGlobalSection
	GlobalSection(SolutionProperties) = preSolution
		HideSolutionNode = FALSE
	EndGlobalSection
	GlobalSection(ExtensibilityGlobals) = postSolution
		SolutionGuid = {A20D465C-E73C-4B6A-802B-DD25125655C4}
	EndGlobalSection
EndGlobal
